
Microsoft Visual Studio Solution File, Format Version 12.00
# Visual Studio Version 16
VisualStudioVersion = 16.0.30621.155
MinimumVisualStudioVersion = 10.0.40219.1
Project("{FAE04EC0-301F-11D3-BF4B-00C04F79EFBC}") = "GOLStartupActual", "GOLStartupActual\GOLStartupActual.csproj", "{5B29F9C3-955F-47FB-92F2-E4E4E509F9B5}"
EndProject
Global
	GlobalSection(SolutionConfigurationPlatforms) = preSolution
		Debug|Any CPU = Debug|Any CPU
		Release|Any CPU = Release|Any CPU
	EndGlobalSection
	GlobalSection(ProjectConfigurationPlatforms) = postSolution
		{5B29F9C3-955F-47FB-92F2-E4E4E509F9B5}.Debug|Any CPU.ActiveCfg = Debug|Any CPU
		{5B29F9C3-955F-47FB-92F2-E4E4E509F9B5}.Debug|Any CPU.Build.0 = Debug|Any CPU
		{5B29F9C3-955F-47FB-92F2-E4E4E509F9B5}.Release|Any CPU.ActiveCfg = Release|Any CPU
		{5B29F9C3-955F-47FB-92F2-E4E4E509F9B5}.Release|Any CPU.Build.0 = Release|Any CPU
	EndGlobalSection
	GlobalSection(SolutionProperties) = preSolution
		HideSolutionNode = FALSE
	EndGlobalSection
	GlobalSection(ExtensibilityGlobals) = postSolution
		SolutionGuid = {B1E1F445-6622-4AE9-8EBB-0EA8B79EE7DD}
	EndGlobalSection
EndGlobal
